// !$*UTF8*$!
{
	archiveVersion = 1;
	classes = {
	};
	objectVersion = 55;
	objects = {

/* Begin PBXBuildFile section */
		C9381A6A28E1706700058060 /* FirebaseAnalytics in Frameworks */ = {isa = PBXBuildFile; productRef = C9381A6928E1706700058060 /* FirebaseAnalytics */; };
		C9381A6C28E1706700058060 /* FirebaseFirestore in Frameworks */ = {isa = PBXBuildFile; productRef = C9381A6B28E1706700058060 /* FirebaseFirestore */; };
		C9381A6F28E170E000058060 /* GiphyUISDK in Frameworks */ = {isa = PBXBuildFile; productRef = C9381A6E28E170E000058060 /* GiphyUISDK */; };
		C9381A7A28ED63A400058060 /* FirebaseFirestoreSwift in Frameworks */ = {isa = PBXBuildFile; productRef = C9381A7928ED63A400058060 /* FirebaseFirestoreSwift */; };
		C9381A7C28F3CA1E00058060 /* Home.swift in Sources */ = {isa = PBXBuildFile; fileRef = C9381A7B28F3CA1E00058060 /* Home.swift */; };
		C93B66C2290D38E70095B13A /* EditGame.swift in Sources */ = {isa = PBXBuildFile; fileRef = C93B66C1290D38E70095B13A /* EditGame.swift */; };
		C943EF6828F6909F000D220C /* GifSearch.swift in Sources */ = {isa = PBXBuildFile; fileRef = C943EF6128F6909F000D220C /* GifSearch.swift */; };
		C943EF6928F6909F000D220C /* Camera.swift in Sources */ = {isa = PBXBuildFile; fileRef = C943EF6228F6909F000D220C /* Camera.swift */; };
		C943EF6A28F6909F000D220C /* ImagePicker.swift in Sources */ = {isa = PBXBuildFile; fileRef = C943EF6328F6909F000D220C /* ImagePicker.swift */; };
		C943EF6B28F690A0000D220C /* CreateGame.swift in Sources */ = {isa = PBXBuildFile; fileRef = C943EF6428F6909F000D220C /* CreateGame.swift */; };
		C943EF6C28F690A0000D220C /* Game.swift in Sources */ = {isa = PBXBuildFile; fileRef = C943EF6528F6909F000D220C /* Game.swift */; };
		C943EF6D28F690A0000D220C /* Safari.swift in Sources */ = {isa = PBXBuildFile; fileRef = C943EF6628F6909F000D220C /* Safari.swift */; };
		C943EF6E28F690A0000D220C /* Giphy.swift in Sources */ = {isa = PBXBuildFile; fileRef = C943EF6728F6909F000D220C /* Giphy.swift */; };
		C943EF7428F690DB000D220C /* SignIn.swift in Sources */ = {isa = PBXBuildFile; fileRef = C943EF7028F690DA000D220C /* SignIn.swift */; };
		C943EF7528F690DB000D220C /* Profile.swift in Sources */ = {isa = PBXBuildFile; fileRef = C943EF7128F690DA000D220C /* Profile.swift */; };
		C943EF7628F690DB000D220C /* CreateAccount.swift in Sources */ = {isa = PBXBuildFile; fileRef = C943EF7228F690DA000D220C /* CreateAccount.swift */; };
		C943EF7E28FA603D000D220C /* PlayGame.swift in Sources */ = {isa = PBXBuildFile; fileRef = C943EF7D28FA603C000D220C /* PlayGame.swift */; };
		C943EF8029025AC2000D220C /* User.swift in Sources */ = {isa = PBXBuildFile; fileRef = C943EF7F29025AC2000D220C /* User.swift */; };
		C943EF84290642DC000D220C /* Invitation.swift in Sources */ = {isa = PBXBuildFile; fileRef = C943EF83290642DC000D220C /* Invitation.swift */; };
		C9703D6928F6728400BC6FDC /* Model.swift in Sources */ = {isa = PBXBuildFile; fileRef = C9703D6728F6728400BC6FDC /* Model.swift */; };
		C9703D6A28F6728400BC6FDC /* GifJifApp.swift in Sources */ = {isa = PBXBuildFile; fileRef = C9703D6828F6728400BC6FDC /* GifJifApp.swift */; };
		C973AD0628D59B5D006D7A45 /* Assets.xcassets in Resources */ = {isa = PBXBuildFile; fileRef = C973AD0528D59B5D006D7A45 /* Assets.xcassets */; };
		C973AD0928D59B5D006D7A45 /* Preview Assets.xcassets in Resources */ = {isa = PBXBuildFile; fileRef = C973AD0828D59B5D006D7A45 /* Preview Assets.xcassets */; };
		C973AD1328D59B5D006D7A45 /* GifJifTests.swift in Sources */ = {isa = PBXBuildFile; fileRef = C973AD1228D59B5D006D7A45 /* GifJifTests.swift */; };
		C973AD1D28D59B5D006D7A45 /* GifJifUITests.swift in Sources */ = {isa = PBXBuildFile; fileRef = C973AD1C28D59B5D006D7A45 /* GifJifUITests.swift */; };
		C973AD1F28D59B5D006D7A45 /* GifJifUITestsLaunchTests.swift in Sources */ = {isa = PBXBuildFile; fileRef = C973AD1E28D59B5D006D7A45 /* GifJifUITestsLaunchTests.swift */; };
		C973AD2C28D59C4B006D7A45 /* GoogleService-Info.plist in Resources */ = {isa = PBXBuildFile; fileRef = C973AD2B28D59C4B006D7A45 /* GoogleService-Info.plist */; };
		C973AD2D28D59C4B006D7A45 /* GoogleService-Info.plist in Resources */ = {isa = PBXBuildFile; fileRef = C973AD2B28D59C4B006D7A45 /* GoogleService-Info.plist */; };
		C973AD2E28D59C4B006D7A45 /* GoogleService-Info.plist in Resources */ = {isa = PBXBuildFile; fileRef = C973AD2B28D59C4B006D7A45 /* GoogleService-Info.plist */; };
		C9CCD4C52913615300937400 /* GameInfo.swift in Sources */ = {isa = PBXBuildFile; fileRef = C9CCD4C42913615200937400 /* GameInfo.swift */; };
		C9CCD4C7291363B700937400 /* ShowResponses.swift in Sources */ = {isa = PBXBuildFile; fileRef = C9CCD4C6291363B700937400 /* ShowResponses.swift */; };
		C9CCD4C9291364D000937400 /* Respond.swift in Sources */ = {isa = PBXBuildFile; fileRef = C9CCD4C8291364D000937400 /* Respond.swift */; };
		C9CCD4CB29136B1000937400 /* PickWinner.swift in Sources */ = {isa = PBXBuildFile; fileRef = C9CCD4CA29136B1000937400 /* PickWinner.swift */; };
		C9CCD4CD29136E2600937400 /* ShowWinner.swift in Sources */ = {isa = PBXBuildFile; fileRef = C9CCD4CC29136E2600937400 /* ShowWinner.swift */; };
		C9CCD4CF2913794F00937400 /* LoadInvitation.swift in Sources */ = {isa = PBXBuildFile; fileRef = C9CCD4CE2913794F00937400 /* LoadInvitation.swift */; };
		C9CCD4D52913A61F00937400 /* ChangePassword.swift in Sources */ = {isa = PBXBuildFile; fileRef = C9CCD4D42913A61F00937400 /* ChangePassword.swift */; };
		C9CCD4D72913A6F900937400 /* ChangeName.swift in Sources */ = {isa = PBXBuildFile; fileRef = C9CCD4D62913A6F900937400 /* ChangeName.swift */; };
		C9CCD4D92913A76500937400 /* ChangeEmail.swift in Sources */ = {isa = PBXBuildFile; fileRef = C9CCD4D82913A76500937400 /* ChangeEmail.swift */; };
		C9CCD4DB2913ADF100937400 /* ChangeUsername.swift in Sources */ = {isa = PBXBuildFile; fileRef = C9CCD4DA2913ADF100937400 /* ChangeUsername.swift */; };
		C9CCD4DF2914C9EC00937400 /* red_cards.txt in Resources */ = {isa = PBXBuildFile; fileRef = C9CCD4DE2914C9EC00937400 /* red_cards.txt */; };
		C9CCD4E72914D26A00937400 /* HostView.swift in Sources */ = {isa = PBXBuildFile; fileRef = C9CCD4E62914D26A00937400 /* HostView.swift */; };
		C9CCD4E92914DBE800937400 /* LaunchScreen.storyboard in Resources */ = {isa = PBXBuildFile; fileRef = C9CCD4E82914DBE800937400 /* LaunchScreen.storyboard */; };
		C9CCD4EC291504DB00937400 /* Stats.swift in Sources */ = {isa = PBXBuildFile; fileRef = C9CCD4EB291504DB00937400 /* Stats.swift */; };
		C9CCD4F029150EFB00937400 /* SetTopic.swift in Sources */ = {isa = PBXBuildFile; fileRef = C9CCD4EF29150EFB00937400 /* SetTopic.swift */; };
/* End PBXBuildFile section */

/* Begin PBXContainerItemProxy section */
		C973AD0F28D59B5D006D7A45 /* PBXContainerItemProxy */ = {
			isa = PBXContainerItemProxy;
			containerPortal = C973ACF628D59B5A006D7A45 /* Project object */;
			proxyType = 1;
			remoteGlobalIDString = C973ACFD28D59B5A006D7A45;
			remoteInfo = GifJif;
		};
		C973AD1928D59B5D006D7A45 /* PBXContainerItemProxy */ = {
			isa = PBXContainerItemProxy;
			containerPortal = C973ACF628D59B5A006D7A45 /* Project object */;
			proxyType = 1;
			remoteGlobalIDString = C973ACFD28D59B5A006D7A45;
			remoteInfo = GifJif;
		};
/* End PBXContainerItemProxy section */

/* Begin PBXFileReference section */
		C9381A7B28F3CA1E00058060 /* Home.swift */ = {isa = PBXFileReference; fileEncoding = 4; lastKnownFileType = sourcecode.swift; path = Home.swift; sourceTree = "<group>"; };
		C93B66C1290D38E70095B13A /* EditGame.swift */ = {isa = PBXFileReference; lastKnownFileType = sourcecode.swift; path = EditGame.swift; sourceTree = "<group>"; };
		C943EF6128F6909F000D220C /* GifSearch.swift */ = {isa = PBXFileReference; fileEncoding = 4; lastKnownFileType = sourcecode.swift; name = GifSearch.swift; path = Game/GifSearch.swift; sourceTree = "<group>"; };
		C943EF6228F6909F000D220C /* Camera.swift */ = {isa = PBXFileReference; fileEncoding = 4; lastKnownFileType = sourcecode.swift; name = Camera.swift; path = Game/Camera.swift; sourceTree = "<group>"; };
		C943EF6328F6909F000D220C /* ImagePicker.swift */ = {isa = PBXFileReference; fileEncoding = 4; lastKnownFileType = sourcecode.swift; name = ImagePicker.swift; path = Game/ImagePicker.swift; sourceTree = "<group>"; };
		C943EF6428F6909F000D220C /* CreateGame.swift */ = {isa = PBXFileReference; fileEncoding = 4; lastKnownFileType = sourcecode.swift; path = CreateGame.swift; sourceTree = "<group>"; };
		C943EF6528F6909F000D220C /* Game.swift */ = {isa = PBXFileReference; fileEncoding = 4; lastKnownFileType = sourcecode.swift; path = Game.swift; sourceTree = "<group>"; };
		C943EF6628F6909F000D220C /* Safari.swift */ = {isa = PBXFileReference; fileEncoding = 4; lastKnownFileType = sourcecode.swift; name = Safari.swift; path = Game/Safari.swift; sourceTree = "<group>"; };
		C943EF6728F6909F000D220C /* Giphy.swift */ = {isa = PBXFileReference; fileEncoding = 4; lastKnownFileType = sourcecode.swift; name = Giphy.swift; path = Game/Giphy.swift; sourceTree = "<group>"; };
		C943EF7028F690DA000D220C /* SignIn.swift */ = {isa = PBXFileReference; fileEncoding = 4; lastKnownFileType = sourcecode.swift; name = SignIn.swift; path = User/SignIn.swift; sourceTree = "<group>"; };
		C943EF7128F690DA000D220C /* Profile.swift */ = {isa = PBXFileReference; fileEncoding = 4; lastKnownFileType = sourcecode.swift; name = Profile.swift; path = User/Profile.swift; sourceTree = "<group>"; };
		C943EF7228F690DA000D220C /* CreateAccount.swift */ = {isa = PBXFileReference; fileEncoding = 4; lastKnownFileType = sourcecode.swift; name = CreateAccount.swift; path = User/CreateAccount.swift; sourceTree = "<group>"; };
		C943EF7D28FA603C000D220C /* PlayGame.swift */ = {isa = PBXFileReference; fileEncoding = 4; lastKnownFileType = sourcecode.swift; path = PlayGame.swift; sourceTree = "<group>"; };
		C943EF7F29025AC2000D220C /* User.swift */ = {isa = PBXFileReference; fileEncoding = 4; lastKnownFileType = sourcecode.swift; name = User.swift; path = "New Group2/User.swift"; sourceTree = "<group>"; };
		C943EF83290642DC000D220C /* Invitation.swift */ = {isa = PBXFileReference; lastKnownFileType = sourcecode.swift; path = Invitation.swift; sourceTree = "<group>"; };
		C9703D6728F6728400BC6FDC /* Model.swift */ = {isa = PBXFileReference; fileEncoding = 4; lastKnownFileType = sourcecode.swift; name = Model.swift; path = GifJif/Model.swift; sourceTree = SOURCE_ROOT; };
		C9703D6828F6728400BC6FDC /* GifJifApp.swift */ = {isa = PBXFileReference; fileEncoding = 4; lastKnownFileType = sourcecode.swift; path = GifJifApp.swift; sourceTree = "<group>"; };
		C973ACFE28D59B5A006D7A45 /* GifJif.app */ = {isa = PBXFileReference; explicitFileType = wrapper.application; includeInIndex = 0; path = GifJif.app; sourceTree = BUILT_PRODUCTS_DIR; };
		C973AD0528D59B5D006D7A45 /* Assets.xcassets */ = {isa = PBXFileReference; lastKnownFileType = folder.assetcatalog; path = Assets.xcassets; sourceTree = "<group>"; };
		C973AD0828D59B5D006D7A45 /* Preview Assets.xcassets */ = {isa = PBXFileReference; lastKnownFileType = folder.assetcatalog; path = "Preview Assets.xcassets"; sourceTree = "<group>"; };
		C973AD0E28D59B5D006D7A45 /* GifJifTests.xctest */ = {isa = PBXFileReference; explicitFileType = wrapper.cfbundle; includeInIndex = 0; path = GifJifTests.xctest; sourceTree = BUILT_PRODUCTS_DIR; };
		C973AD1228D59B5D006D7A45 /* GifJifTests.swift */ = {isa = PBXFileReference; lastKnownFileType = sourcecode.swift; path = GifJifTests.swift; sourceTree = "<group>"; };
		C973AD1828D59B5D006D7A45 /* GifJifUITests.xctest */ = {isa = PBXFileReference; explicitFileType = wrapper.cfbundle; includeInIndex = 0; path = GifJifUITests.xctest; sourceTree = BUILT_PRODUCTS_DIR; };
		C973AD1C28D59B5D006D7A45 /* GifJifUITests.swift */ = {isa = PBXFileReference; lastKnownFileType = sourcecode.swift; path = GifJifUITests.swift; sourceTree = "<group>"; };
		C973AD1E28D59B5D006D7A45 /* GifJifUITestsLaunchTests.swift */ = {isa = PBXFileReference; lastKnownFileType = sourcecode.swift; path = GifJifUITestsLaunchTests.swift; sourceTree = "<group>"; };
		C973AD2B28D59C4B006D7A45 /* GoogleService-Info.plist */ = {isa = PBXFileReference; fileEncoding = 4; lastKnownFileType = text.plist.xml; name = "GoogleService-Info.plist"; path = "../../../Downloads/GoogleService-Info.plist"; sourceTree = "<group>"; };
		C9CCD4C42913615200937400 /* GameInfo.swift */ = {isa = PBXFileReference; lastKnownFileType = sourcecode.swift; path = GameInfo.swift; sourceTree = "<group>"; };
		C9CCD4C6291363B700937400 /* ShowResponses.swift */ = {isa = PBXFileReference; lastKnownFileType = sourcecode.swift; path = ShowResponses.swift; sourceTree = "<group>"; };
		C9CCD4C8291364D000937400 /* Respond.swift */ = {isa = PBXFileReference; lastKnownFileType = sourcecode.swift; path = Respond.swift; sourceTree = "<group>"; };
		C9CCD4CA29136B1000937400 /* PickWinner.swift */ = {isa = PBXFileReference; lastKnownFileType = sourcecode.swift; path = PickWinner.swift; sourceTree = "<group>"; };
		C9CCD4CC29136E2600937400 /* ShowWinner.swift */ = {isa = PBXFileReference; lastKnownFileType = sourcecode.swift; path = ShowWinner.swift; sourceTree = "<group>"; };
		C9CCD4CE2913794F00937400 /* LoadInvitation.swift */ = {isa = PBXFileReference; lastKnownFileType = sourcecode.swift; path = LoadInvitation.swift; sourceTree = "<group>"; };
		C9CCD4D42913A61F00937400 /* ChangePassword.swift */ = {isa = PBXFileReference; lastKnownFileType = sourcecode.swift; path = ChangePassword.swift; sourceTree = "<group>"; };
		C9CCD4D62913A6F900937400 /* ChangeName.swift */ = {isa = PBXFileReference; lastKnownFileType = sourcecode.swift; path = ChangeName.swift; sourceTree = "<group>"; };
		C9CCD4D82913A76500937400 /* ChangeEmail.swift */ = {isa = PBXFileReference; lastKnownFileType = sourcecode.swift; path = ChangeEmail.swift; sourceTree = "<group>"; };
		C9CCD4DA2913ADF100937400 /* ChangeUsername.swift */ = {isa = PBXFileReference; fileEncoding = 4; lastKnownFileType = sourcecode.swift; path = ChangeUsername.swift; sourceTree = "<group>"; };
		C9CCD4DE2914C9EC00937400 /* red_cards.txt */ = {isa = PBXFileReference; lastKnownFileType = text; path = red_cards.txt; sourceTree = "<group>"; };
		C9CCD4E62914D26A00937400 /* HostView.swift */ = {isa = PBXFileReference; fileEncoding = 4; lastKnownFileType = sourcecode.swift; path = HostView.swift; sourceTree = "<group>"; };
		C9CCD4E82914DBE800937400 /* LaunchScreen.storyboard */ = {isa = PBXFileReference; lastKnownFileType = file.storyboard; path = LaunchScreen.storyboard; sourceTree = "<group>"; };
		C9CCD4EA2914DF4700937400 /* Info.plist */ = {isa = PBXFileReference; lastKnownFileType = text.plist; path = Info.plist; sourceTree = "<group>"; };
		C9CCD4EB291504DB00937400 /* Stats.swift */ = {isa = PBXFileReference; lastKnownFileType = sourcecode.swift; path = Stats.swift; sourceTree = "<group>"; };
		C9CCD4EF29150EFB00937400 /* SetTopic.swift */ = {isa = PBXFileReference; fileEncoding = 4; lastKnownFileType = sourcecode.swift; path = SetTopic.swift; sourceTree = "<group>"; };
/* End PBXFileReference section */

/* Begin PBXFrameworksBuildPhase section */
		C973ACFB28D59B5A006D7A45 /* Frameworks */ = {
			isa = PBXFrameworksBuildPhase;
			buildActionMask = 2147483647;
			files = (
				C9381A6F28E170E000058060 /* GiphyUISDK in Frameworks */,
				C9381A6A28E1706700058060 /* FirebaseAnalytics in Frameworks */,
				C9381A6C28E1706700058060 /* FirebaseFirestore in Frameworks */,
				C9381A7A28ED63A400058060 /* FirebaseFirestoreSwift in Frameworks */,
			);
			runOnlyForDeploymentPostprocessing = 0;
		};
		C973AD0B28D59B5D006D7A45 /* Frameworks */ = {
			isa = PBXFrameworksBuildPhase;
			buildActionMask = 2147483647;
			files = (
			);
			runOnlyForDeploymentPostprocessing = 0;
		};
		C973AD1528D59B5D006D7A45 /* Frameworks */ = {
			isa = PBXFrameworksBuildPhase;
			buildActionMask = 2147483647;
			files = (
			);
			runOnlyForDeploymentPostprocessing = 0;
		};
/* End PBXFrameworksBuildPhase section */

/* Begin PBXGroup section */
		C9381A7828ED63A400058060 /* Frameworks */ = {
			isa = PBXGroup;
			children = (
			);
			name = Frameworks;
			sourceTree = "<group>";
		};
		C943EF6F28F690BB000D220C /* Gamez */ = {
			isa = PBXGroup;
			children = (
			);
			path = Gamez;
			sourceTree = "<group>";
		};
		C943EF7928F690F4000D220C /* Userz */ = {
			isa = PBXGroup;
			children = (
			);
			name = Userz;
			path = "New Group2";
			sourceTree = "<group>";
		};
		C943EF7A28F69118000D220C /* Other */ = {
			isa = PBXGroup;
			children = (
			);
			name = Other;
			path = "New Group2";
			sourceTree = "<group>";
		};
		C973ACF528D59B5A006D7A45 = {
			isa = PBXGroup;
			children = (
				C973AD0028D59B5A006D7A45 /* GifJif */,
				C973AD1128D59B5D006D7A45 /* GifJifTests */,
				C973AD1B28D59B5D006D7A45 /* GifJifUITests */,
				C973ACFF28D59B5A006D7A45 /* Products */,
				C9381A7828ED63A400058060 /* Frameworks */,
			);
			sourceTree = "<group>";
		};
		C973ACFF28D59B5A006D7A45 /* Products */ = {
			isa = PBXGroup;
			children = (
				C973ACFE28D59B5A006D7A45 /* GifJif.app */,
				C973AD0E28D59B5D006D7A45 /* GifJifTests.xctest */,
				C973AD1828D59B5D006D7A45 /* GifJifUITests.xctest */,
			);
			name = Products;
			sourceTree = "<group>";
		};
		C973AD0028D59B5A006D7A45 /* GifJif */ = {
			isa = PBXGroup;
			children = (
				C9CCD4EA2914DF4700937400 /* Info.plist */,
				C943EF6F28F690BB000D220C /* Gamez */,
				C943EF6528F6909F000D220C /* Game.swift */,
				C943EF6428F6909F000D220C /* CreateGame.swift */,
				C943EF7D28FA603C000D220C /* PlayGame.swift */,
				C9CCD4E62914D26A00937400 /* HostView.swift */,
				C9CCD4CA29136B1000937400 /* PickWinner.swift */,
				C9CCD4C6291363B700937400 /* ShowResponses.swift */,
				C9CCD4C8291364D000937400 /* Respond.swift */,
				C9CCD4CC29136E2600937400 /* ShowWinner.swift */,
				C9CCD4C42913615200937400 /* GameInfo.swift */,
				C9CCD4EF29150EFB00937400 /* SetTopic.swift */,
				C9CCD4EB291504DB00937400 /* Stats.swift */,
				C93B66C1290D38E70095B13A /* EditGame.swift */,
				C943EF6128F6909F000D220C /* GifSearch.swift */,
				C943EF6728F6909F000D220C /* Giphy.swift */,
				C943EF83290642DC000D220C /* Invitation.swift */,
				C943EF6228F6909F000D220C /* Camera.swift */,
				C943EF6328F6909F000D220C /* ImagePicker.swift */,
				C943EF6628F6909F000D220C /* Safari.swift */,
				C943EF7928F690F4000D220C /* Userz */,
				C943EF7F29025AC2000D220C /* User.swift */,
				C943EF7228F690DA000D220C /* CreateAccount.swift */,
				C943EF7128F690DA000D220C /* Profile.swift */,
				C9CCD4DA2913ADF100937400 /* ChangeUsername.swift */,
				C9CCD4D42913A61F00937400 /* ChangePassword.swift */,
				C9CCD4D62913A6F900937400 /* ChangeName.swift */,
				C9CCD4D82913A76500937400 /* ChangeEmail.swift */,
				C943EF7028F690DA000D220C /* SignIn.swift */,
				C943EF7A28F69118000D220C /* Other */,
				C9703D6728F6728400BC6FDC /* Model.swift */,
				C9381A7B28F3CA1E00058060 /* Home.swift */,
				C9CCD4E82914DBE800937400 /* LaunchScreen.storyboard */,
				C9CCD4CE2913794F00937400 /* LoadInvitation.swift */,
				C9703D6828F6728400BC6FDC /* GifJifApp.swift */,
				C9CCD4DE2914C9EC00937400 /* red_cards.txt */,
				C973AD2B28D59C4B006D7A45 /* GoogleService-Info.plist */,
				C973AD0528D59B5D006D7A45 /* Assets.xcassets */,
				C973AD0728D59B5D006D7A45 /* Preview Content */,
			);
			path = GifJif;
			sourceTree = "<group>";
		};
		C973AD0728D59B5D006D7A45 /* Preview Content */ = {
			isa = PBXGroup;
			children = (
				C973AD0828D59B5D006D7A45 /* Preview Assets.xcassets */,
			);
			path = "Preview Content";
			sourceTree = "<group>";
		};
		C973AD1128D59B5D006D7A45 /* GifJifTests */ = {
			isa = PBXGroup;
			children = (
				C973AD1228D59B5D006D7A45 /* GifJifTests.swift */,
			);
			path = GifJifTests;
			sourceTree = "<group>";
		};
		C973AD1B28D59B5D006D7A45 /* GifJifUITests */ = {
			isa = PBXGroup;
			children = (
				C973AD1C28D59B5D006D7A45 /* GifJifUITests.swift */,
				C973AD1E28D59B5D006D7A45 /* GifJifUITestsLaunchTests.swift */,
			);
			path = GifJifUITests;
			sourceTree = "<group>";
		};
/* End PBXGroup section */

/* Begin PBXNativeTarget section */
		C973ACFD28D59B5A006D7A45 /* GifJif */ = {
			isa = PBXNativeTarget;
			buildConfigurationList = C973AD2228D59B5D006D7A45 /* Build configuration list for PBXNativeTarget "GifJif" */;
			buildPhases = (
				C973ACFA28D59B5A006D7A45 /* Sources */,
				C973ACFB28D59B5A006D7A45 /* Frameworks */,
				C973ACFC28D59B5A006D7A45 /* Resources */,
			);
			buildRules = (
			);
			dependencies = (
			);
			name = GifJif;
			packageProductDependencies = (
				C9381A6928E1706700058060 /* FirebaseAnalytics */,
				C9381A6B28E1706700058060 /* FirebaseFirestore */,
				C9381A6E28E170E000058060 /* GiphyUISDK */,
				C9381A7928ED63A400058060 /* FirebaseFirestoreSwift */,
			);
			productName = GifJif;
			productReference = C973ACFE28D59B5A006D7A45 /* GifJif.app */;
			productType = "com.apple.product-type.application";
		};
		C973AD0D28D59B5D006D7A45 /* GifJifTests */ = {
			isa = PBXNativeTarget;
			buildConfigurationList = C973AD2528D59B5D006D7A45 /* Build configuration list for PBXNativeTarget "GifJifTests" */;
			buildPhases = (
				C973AD0A28D59B5D006D7A45 /* Sources */,
				C973AD0B28D59B5D006D7A45 /* Frameworks */,
				C973AD0C28D59B5D006D7A45 /* Resources */,
			);
			buildRules = (
			);
			dependencies = (
				C973AD1028D59B5D006D7A45 /* PBXTargetDependency */,
			);
			name = GifJifTests;
			productName = GifJifTests;
			productReference = C973AD0E28D59B5D006D7A45 /* GifJifTests.xctest */;
			productType = "com.apple.product-type.bundle.unit-test";
		};
		C973AD1728D59B5D006D7A45 /* GifJifUITests */ = {
			isa = PBXNativeTarget;
			buildConfigurationList = C973AD2828D59B5D006D7A45 /* Build configuration list for PBXNativeTarget "GifJifUITests" */;
			buildPhases = (
				C973AD1428D59B5D006D7A45 /* Sources */,
				C973AD1528D59B5D006D7A45 /* Frameworks */,
				C973AD1628D59B5D006D7A45 /* Resources */,
			);
			buildRules = (
			);
			dependencies = (
				C973AD1A28D59B5D006D7A45 /* PBXTargetDependency */,
			);
			name = GifJifUITests;
			productName = GifJifUITests;
			productReference = C973AD1828D59B5D006D7A45 /* GifJifUITests.xctest */;
			productType = "com.apple.product-type.bundle.ui-testing";
		};
/* End PBXNativeTarget section */

/* Begin PBXProject section */
		C973ACF628D59B5A006D7A45 /* Project object */ = {
			isa = PBXProject;
			attributes = {
				BuildIndependentTargetsInParallel = 1;
				LastSwiftUpdateCheck = 1330;
				LastUpgradeCheck = 1330;
				TargetAttributes = {
					C973ACFD28D59B5A006D7A45 = {
						CreatedOnToolsVersion = 13.3;
					};
					C973AD0D28D59B5D006D7A45 = {
						CreatedOnToolsVersion = 13.3;
						TestTargetID = C973ACFD28D59B5A006D7A45;
					};
					C973AD1728D59B5D006D7A45 = {
						CreatedOnToolsVersion = 13.3;
						TestTargetID = C973ACFD28D59B5A006D7A45;
					};
				};
			};
			buildConfigurationList = C973ACF928D59B5A006D7A45 /* Build configuration list for PBXProject "GifJif" */;
			compatibilityVersion = "Xcode 13.0";
			developmentRegion = en;
			hasScannedForEncodings = 0;
			knownRegions = (
				en,
				Base,
			);
			mainGroup = C973ACF528D59B5A006D7A45;
			packageReferences = (
				C9381A6828E1706700058060 /* XCRemoteSwiftPackageReference "firebase-ios-sdk" */,
				C9381A6D28E170E000058060 /* XCRemoteSwiftPackageReference "giphy-ios-sdk" */,
			);
			productRefGroup = C973ACFF28D59B5A006D7A45 /* Products */;
			projectDirPath = "";
			projectRoot = "";
			targets = (
				C973ACFD28D59B5A006D7A45 /* GifJif */,
				C973AD0D28D59B5D006D7A45 /* GifJifTests */,
				C973AD1728D59B5D006D7A45 /* GifJifUITests */,
			);
		};
/* End PBXProject section */

/* Begin PBXResourcesBuildPhase section */
		C973ACFC28D59B5A006D7A45 /* Resources */ = {
			isa = PBXResourcesBuildPhase;
			buildActionMask = 2147483647;
			files = (
				C9CCD4DF2914C9EC00937400 /* red_cards.txt in Resources */,
				C973AD0928D59B5D006D7A45 /* Preview Assets.xcassets in Resources */,
				C973AD0628D59B5D006D7A45 /* Assets.xcassets in Resources */,
				C9CCD4E92914DBE800937400 /* LaunchScreen.storyboard in Resources */,
				C973AD2C28D59C4B006D7A45 /* GoogleService-Info.plist in Resources */,
			);
			runOnlyForDeploymentPostprocessing = 0;
		};
		C973AD0C28D59B5D006D7A45 /* Resources */ = {
			isa = PBXResourcesBuildPhase;
			buildActionMask = 2147483647;
			files = (
				C973AD2D28D59C4B006D7A45 /* GoogleService-Info.plist in Resources */,
			);
			runOnlyForDeploymentPostprocessing = 0;
		};
		C973AD1628D59B5D006D7A45 /* Resources */ = {
			isa = PBXResourcesBuildPhase;
			buildActionMask = 2147483647;
			files = (
				C973AD2E28D59C4B006D7A45 /* GoogleService-Info.plist in Resources */,
			);
			runOnlyForDeploymentPostprocessing = 0;
		};
/* End PBXResourcesBuildPhase section */

/* Begin PBXSourcesBuildPhase section */
		C973ACFA28D59B5A006D7A45 /* Sources */ = {
			isa = PBXSourcesBuildPhase;
			buildActionMask = 2147483647;
			files = (
				C943EF84290642DC000D220C /* Invitation.swift in Sources */,
				C9CCD4EC291504DB00937400 /* Stats.swift in Sources */,
				C9CCD4C7291363B700937400 /* ShowResponses.swift in Sources */,
				C9CCD4D52913A61F00937400 /* ChangePassword.swift in Sources */,
				C9381A7C28F3CA1E00058060 /* Home.swift in Sources */,
				C9CCD4C9291364D000937400 /* Respond.swift in Sources */,
				C943EF7528F690DB000D220C /* Profile.swift in Sources */,
				C9CCD4D92913A76500937400 /* ChangeEmail.swift in Sources */,
				C943EF6928F6909F000D220C /* Camera.swift in Sources */,
				C9703D6928F6728400BC6FDC /* Model.swift in Sources */,
				C943EF8029025AC2000D220C /* User.swift in Sources */,
				C943EF7628F690DB000D220C /* CreateAccount.swift in Sources */,
				C943EF7428F690DB000D220C /* SignIn.swift in Sources */,
				C9CCD4F029150EFB00937400 /* SetTopic.swift in Sources */,
				C9CCD4DB2913ADF100937400 /* ChangeUsername.swift in Sources */,
				C9CCD4D72913A6F900937400 /* ChangeName.swift in Sources */,
				C9CCD4C52913615300937400 /* GameInfo.swift in Sources */,
				C9CCD4E72914D26A00937400 /* HostView.swift in Sources */,
				C943EF6B28F690A0000D220C /* CreateGame.swift in Sources */,
				C943EF6A28F6909F000D220C /* ImagePicker.swift in Sources */,
				C943EF6D28F690A0000D220C /* Safari.swift in Sources */,
				C9CCD4CD29136E2600937400 /* ShowWinner.swift in Sources */,
				C943EF6828F6909F000D220C /* GifSearch.swift in Sources */,
				C9703D6A28F6728400BC6FDC /* GifJifApp.swift in Sources */,
				C943EF6C28F690A0000D220C /* Game.swift in Sources */,
				C93B66C2290D38E70095B13A /* EditGame.swift in Sources */,
				C9CCD4CF2913794F00937400 /* LoadInvitation.swift in Sources */,
				C943EF7E28FA603D000D220C /* PlayGame.swift in Sources */,
				C943EF6E28F690A0000D220C /* Giphy.swift in Sources */,
				C9CCD4CB29136B1000937400 /* PickWinner.swift in Sources */,
			);
			runOnlyForDeploymentPostprocessing = 0;
		};
		C973AD0A28D59B5D006D7A45 /* Sources */ = {
			isa = PBXSourcesBuildPhase;
			buildActionMask = 2147483647;
			files = (
				C973AD1328D59B5D006D7A45 /* GifJifTests.swift in Sources */,
			);
			runOnlyForDeploymentPostprocessing = 0;
		};
		C973AD1428D59B5D006D7A45 /* Sources */ = {
			isa = PBXSourcesBuildPhase;
			buildActionMask = 2147483647;
			files = (
				C973AD1D28D59B5D006D7A45 /* GifJifUITests.swift in Sources */,
				C973AD1F28D59B5D006D7A45 /* GifJifUITestsLaunchTests.swift in Sources */,
			);
			runOnlyForDeploymentPostprocessing = 0;
		};
/* End PBXSourcesBuildPhase section */

/* Begin PBXTargetDependency section */
		C973AD1028D59B5D006D7A45 /* PBXTargetDependency */ = {
			isa = PBXTargetDependency;
			target = C973ACFD28D59B5A006D7A45 /* GifJif */;
			targetProxy = C973AD0F28D59B5D006D7A45 /* PBXContainerItemProxy */;
		};
		C973AD1A28D59B5D006D7A45 /* PBXTargetDependency */ = {
			isa = PBXTargetDependency;
			target = C973ACFD28D59B5A006D7A45 /* GifJif */;
			targetProxy = C973AD1928D59B5D006D7A45 /* PBXContainerItemProxy */;
		};
/* End PBXTargetDependency section */

/* Begin XCBuildConfiguration section */
		C973AD2028D59B5D006D7A45 /* Debug */ = {
			isa = XCBuildConfiguration;
			buildSettings = {
				ALWAYS_SEARCH_USER_PATHS = NO;
				CLANG_ANALYZER_NONNULL = YES;
				CLANG_ANALYZER_NUMBER_OBJECT_CONVERSION = YES_AGGRESSIVE;
				CLANG_CXX_LANGUAGE_STANDARD = "gnu++17";
				CLANG_ENABLE_MODULES = YES;
				CLANG_ENABLE_OBJC_ARC = YES;
				CLANG_ENABLE_OBJC_WEAK = YES;
				CLANG_WARN_BLOCK_CAPTURE_AUTORELEASING = YES;
				CLANG_WARN_BOOL_CONVERSION = YES;
				CLANG_WARN_COMMA = YES;
				CLANG_WARN_CONSTANT_CONVERSION = YES;
				CLANG_WARN_DEPRECATED_OBJC_IMPLEMENTATIONS = YES;
				CLANG_WARN_DIRECT_OBJC_ISA_USAGE = YES_ERROR;
				CLANG_WARN_DOCUMENTATION_COMMENTS = YES;
				CLANG_WARN_EMPTY_BODY = YES;
				CLANG_WARN_ENUM_CONVERSION = YES;
				CLANG_WARN_INFINITE_RECURSION = YES;
				CLANG_WARN_INT_CONVERSION = YES;
				CLANG_WARN_NON_LITERAL_NULL_CONVERSION = YES;
				CLANG_WARN_OBJC_IMPLICIT_RETAIN_SELF = YES;
				CLANG_WARN_OBJC_LITERAL_CONVERSION = YES;
				CLANG_WARN_OBJC_ROOT_CLASS = YES_ERROR;
				CLANG_WARN_QUOTED_INCLUDE_IN_FRAMEWORK_HEADER = YES;
				CLANG_WARN_RANGE_LOOP_ANALYSIS = YES;
				CLANG_WARN_STRICT_PROTOTYPES = YES;
				CLANG_WARN_SUSPICIOUS_MOVE = YES;
				CLANG_WARN_UNGUARDED_AVAILABILITY = YES_AGGRESSIVE;
				CLANG_WARN_UNREACHABLE_CODE = YES;
				CLANG_WARN__DUPLICATE_METHOD_MATCH = YES;
				COPY_PHASE_STRIP = NO;
				DEBUG_INFORMATION_FORMAT = dwarf;
				DEVELOPMENT_TEAM = B6HSB75254;
				ENABLE_STRICT_OBJC_MSGSEND = YES;
				ENABLE_TESTABILITY = YES;
				GCC_C_LANGUAGE_STANDARD = gnu11;
				GCC_DYNAMIC_NO_PIC = NO;
				GCC_NO_COMMON_BLOCKS = YES;
				GCC_OPTIMIZATION_LEVEL = 0;
				GCC_PREPROCESSOR_DEFINITIONS = (
					"DEBUG=1",
					"$(inherited)",
				);
				GCC_WARN_64_TO_32_BIT_CONVERSION = YES;
				GCC_WARN_ABOUT_RETURN_TYPE = YES_ERROR;
				GCC_WARN_UNDECLARED_SELECTOR = YES;
				GCC_WARN_UNINITIALIZED_AUTOS = YES_AGGRESSIVE;
				GCC_WARN_UNUSED_FUNCTION = YES;
				GCC_WARN_UNUSED_VARIABLE = YES;
				IPHONEOS_DEPLOYMENT_TARGET = 15.4;
				MTL_ENABLE_DEBUG_INFO = INCLUDE_SOURCE;
				MTL_FAST_MATH = YES;
				ONLY_ACTIVE_ARCH = YES;
				SDKROOT = iphoneos;
				SWIFT_ACTIVE_COMPILATION_CONDITIONS = DEBUG;
				SWIFT_OPTIMIZATION_LEVEL = "-Onone";
			};
			name = Debug;
		};
		C973AD2128D59B5D006D7A45 /* Release */ = {
			isa = XCBuildConfiguration;
			buildSettings = {
				ALWAYS_SEARCH_USER_PATHS = NO;
				CLANG_ANALYZER_NONNULL = YES;
				CLANG_ANALYZER_NUMBER_OBJECT_CONVERSION = YES_AGGRESSIVE;
				CLANG_CXX_LANGUAGE_STANDARD = "gnu++17";
				CLANG_ENABLE_MODULES = YES;
				CLANG_ENABLE_OBJC_ARC = YES;
				CLANG_ENABLE_OBJC_WEAK = YES;
				CLANG_WARN_BLOCK_CAPTURE_AUTORELEASING = YES;
				CLANG_WARN_BOOL_CONVERSION = YES;
				CLANG_WARN_COMMA = YES;
				CLANG_WARN_CONSTANT_CONVERSION = YES;
				CLANG_WARN_DEPRECATED_OBJC_IMPLEMENTATIONS = YES;
				CLANG_WARN_DIRECT_OBJC_ISA_USAGE = YES_ERROR;
				CLANG_WARN_DOCUMENTATION_COMMENTS = YES;
				CLANG_WARN_EMPTY_BODY = YES;
				CLANG_WARN_ENUM_CONVERSION = YES;
				CLANG_WARN_INFINITE_RECURSION = YES;
				CLANG_WARN_INT_CONVERSION = YES;
				CLANG_WARN_NON_LITERAL_NULL_CONVERSION = YES;
				CLANG_WARN_OBJC_IMPLICIT_RETAIN_SELF = YES;
				CLANG_WARN_OBJC_LITERAL_CONVERSION = YES;
				CLANG_WARN_OBJC_ROOT_CLASS = YES_ERROR;
				CLANG_WARN_QUOTED_INCLUDE_IN_FRAMEWORK_HEADER = YES;
				CLANG_WARN_RANGE_LOOP_ANALYSIS = YES;
				CLANG_WARN_STRICT_PROTOTYPES = YES;
				CLANG_WARN_SUSPICIOUS_MOVE = YES;
				CLANG_WARN_UNGUARDED_AVAILABILITY = YES_AGGRESSIVE;
				CLANG_WARN_UNREACHABLE_CODE = YES;
				CLANG_WARN__DUPLICATE_METHOD_MATCH = YES;
				COPY_PHASE_STRIP = NO;
				DEBUG_INFORMATION_FORMAT = "dwarf-with-dsym";
				DEVELOPMENT_TEAM = B6HSB75254;
				ENABLE_NS_ASSERTIONS = NO;
				ENABLE_STRICT_OBJC_MSGSEND = YES;
				GCC_C_LANGUAGE_STANDARD = gnu11;
				GCC_NO_COMMON_BLOCKS = YES;
				GCC_WARN_64_TO_32_BIT_CONVERSION = YES;
				GCC_WARN_ABOUT_RETURN_TYPE = YES_ERROR;
				GCC_WARN_UNDECLARED_SELECTOR = YES;
				GCC_WARN_UNINITIALIZED_AUTOS = YES_AGGRESSIVE;
				GCC_WARN_UNUSED_FUNCTION = YES;
				GCC_WARN_UNUSED_VARIABLE = YES;
				IPHONEOS_DEPLOYMENT_TARGET = 15.4;
				MTL_ENABLE_DEBUG_INFO = NO;
				MTL_FAST_MATH = YES;
				SDKROOT = iphoneos;
				SWIFT_COMPILATION_MODE = wholemodule;
				SWIFT_OPTIMIZATION_LEVEL = "-O";
				VALIDATE_PRODUCT = YES;
			};
			name = Release;
		};
		C973AD2328D59B5D006D7A45 /* Debug */ = {
			isa = XCBuildConfiguration;
			buildSettings = {
				ASSETCATALOG_COMPILER_APPICON_NAME = AppIcon;
				ASSETCATALOG_COMPILER_GLOBAL_ACCENT_COLOR_NAME = AccentColor;
				CODE_SIGN_STYLE = Automatic;
				CURRENT_PROJECT_VERSION = 1;
				DEVELOPMENT_ASSET_PATHS = "\"GifJif/Preview Content\"";
				ENABLE_PREVIEWS = YES;
				GENERATE_INFOPLIST_FILE = YES;
				INFOPLIST_FILE = GifJif/Info.plist;
				INFOPLIST_KEY_NSCameraUsageDescription = "To reply with an image you have taken";
				INFOPLIST_KEY_UIApplicationSceneManifest_Generation = YES;
				INFOPLIST_KEY_UIApplicationSupportsIndirectInputEvents = YES;
				INFOPLIST_KEY_UILaunchScreen_Generation = YES;
				INFOPLIST_KEY_UILaunchStoryboardName = LaunchScreen.storyboard;
				INFOPLIST_KEY_UISupportedInterfaceOrientations_iPad = "UIInterfaceOrientationPortrait UIInterfaceOrientationPortraitUpsideDown UIInterfaceOrientationLandscapeLeft UIInterfaceOrientationLandscapeRight";
				INFOPLIST_KEY_UISupportedInterfaceOrientations_iPhone = "UIInterfaceOrientationPortrait UIInterfaceOrientationLandscapeLeft UIInterfaceOrientationLandscapeRight";
				LD_RUNPATH_SEARCH_PATHS = (
					"$(inherited)",
					"@executable_path/Frameworks",
				);
				MARKETING_VERSION = 1.0;
				PRODUCT_BUNDLE_IDENTIFIER = com.example.GifJif;
				PRODUCT_NAME = "$(TARGET_NAME)";
				SWIFT_EMIT_LOC_STRINGS = YES;
				SWIFT_VERSION = 5.0;
				TARGETED_DEVICE_FAMILY = "1,2";
			};
			name = Debug;
		};
		C973AD2428D59B5D006D7A45 /* Release */ = {
			isa = XCBuildConfiguration;
			buildSettings = {
				ASSETCATALOG_COMPILER_APPICON_NAME = AppIcon;
				ASSETCATALOG_COMPILER_GLOBAL_ACCENT_COLOR_NAME = AccentColor;
				CODE_SIGN_STYLE = Automatic;
				CURRENT_PROJECT_VERSION = 1;
				DEVELOPMENT_ASSET_PATHS = "\"GifJif/Preview Content\"";
				ENABLE_PREVIEWS = YES;
				GENERATE_INFOPLIST_FILE = YES;
				INFOPLIST_FILE = GifJif/Info.plist;
				INFOPLIST_KEY_NSCameraUsageDescription = "To reply with an image you have taken";
				INFOPLIST_KEY_UIApplicationSceneManifest_Generation = YES;
				INFOPLIST_KEY_UIApplicationSupportsIndirectInputEvents = YES;
				INFOPLIST_KEY_UILaunchScreen_Generation = YES;
				INFOPLIST_KEY_UILaunchStoryboardName = LaunchScreen.storyboard;
				INFOPLIST_KEY_UISupportedInterfaceOrientations_iPad = "UIInterfaceOrientationPortrait UIInterfaceOrientationPortraitUpsideDown UIInterfaceOrientationLandscapeLeft UIInterfaceOrientationLandscapeRight";
				INFOPLIST_KEY_UISupportedInterfaceOrientations_iPhone = "UIInterfaceOrientationPortrait UIInterfaceOrientationLandscapeLeft UIInterfaceOrientationLandscapeRight";
				LD_RUNPATH_SEARCH_PATHS = (
					"$(inherited)",
					"@executable_path/Frameworks",
				);
				MARKETING_VERSION = 1.0;
				PRODUCT_BUNDLE_IDENTIFIER = com.example.GifJif;
				PRODUCT_NAME = "$(TARGET_NAME)";
				SWIFT_EMIT_LOC_STRINGS = YES;
				SWIFT_VERSION = 5.0;
				TARGETED_DEVICE_FAMILY = "1,2";
			};
			name = Release;
		};
		C973AD2628D59B5D006D7A45 /* Debug */ = {
			isa = XCBuildConfiguration;
			buildSettings = {
				ALWAYS_EMBED_SWIFT_STANDARD_LIBRARIES = YES;
				BUNDLE_LOADER = "$(TEST_HOST)";
				CODE_SIGN_STYLE = Automatic;
				CURRENT_PROJECT_VERSION = 1;
				GENERATE_INFOPLIST_FILE = YES;
				IPHONEOS_DEPLOYMENT_TARGET = 15.4;
				MARKETING_VERSION = 1.0;
				PRODUCT_BUNDLE_IDENTIFIER = com.example.GifJifTests;
				PRODUCT_NAME = "$(TARGET_NAME)";
				SWIFT_EMIT_LOC_STRINGS = NO;
				SWIFT_VERSION = 5.0;
				TARGETED_DEVICE_FAMILY = "1,2";
				TEST_HOST = "$(BUILT_PRODUCTS_DIR)/GifJif.app/GifJif";
			};
			name = Debug;
		};
		C973AD2728D59B5D006D7A45 /* Release */ = {
			isa = XCBuildConfiguration;
			buildSettings = {
				ALWAYS_EMBED_SWIFT_STANDARD_LIBRARIES = YES;
				BUNDLE_LOADER = "$(TEST_HOST)";
				CODE_SIGN_STYLE = Automatic;
				CURRENT_PROJECT_VERSION = 1;
				GENERATE_INFOPLIST_FILE = YES;
				IPHONEOS_DEPLOYMENT_TARGET = 15.4;
				MARKETING_VERSION = 1.0;
				PRODUCT_BUNDLE_IDENTIFIER = com.example.GifJifTests;
				PRODUCT_NAME = "$(TARGET_NAME)";
				SWIFT_EMIT_LOC_STRINGS = NO;
				SWIFT_VERSION = 5.0;
				TARGETED_DEVICE_FAMILY = "1,2";
				TEST_HOST = "$(BUILT_PRODUCTS_DIR)/GifJif.app/GifJif";
			};
			name = Release;
		};
		C973AD2928D59B5D006D7A45 /* Debug */ = {
			isa = XCBuildConfiguration;
			buildSettings = {
				ALWAYS_EMBED_SWIFT_STANDARD_LIBRARIES = YES;
				CODE_SIGN_STYLE = Automatic;
				CURRENT_PROJECT_VERSION = 1;
				GENERATE_INFOPLIST_FILE = YES;
				MARKETING_VERSION = 1.0;
				PRODUCT_BUNDLE_IDENTIFIER = com.example.GifJifUITests;
				PRODUCT_NAME = "$(TARGET_NAME)";
				SWIFT_EMIT_LOC_STRINGS = NO;
				SWIFT_VERSION = 5.0;
				TARGETED_DEVICE_FAMILY = "1,2";
				TEST_TARGET_NAME = GifJif;
			};
			name = Debug;
		};
		C973AD2A28D59B5D006D7A45 /* Release */ = {
			isa = XCBuildConfiguration;
			buildSettings = {
				ALWAYS_EMBED_SWIFT_STANDARD_LIBRARIES = YES;
				CODE_SIGN_STYLE = Automatic;
				CURRENT_PROJECT_VERSION = 1;
				GENERATE_INFOPLIST_FILE = YES;
				MARKETING_VERSION = 1.0;
				PRODUCT_BUNDLE_IDENTIFIER = com.example.GifJifUITests;
				PRODUCT_NAME = "$(TARGET_NAME)";
				SWIFT_EMIT_LOC_STRINGS = NO;
				SWIFT_VERSION = 5.0;
				TARGETED_DEVICE_FAMILY = "1,2";
				TEST_TARGET_NAME = GifJif;
			};
			name = Release;
		};
/* End XCBuildConfiguration section */

/* Begin XCConfigurationList section */
		C973ACF928D59B5A006D7A45 /* Build configuration list for PBXProject "GifJif" */ = {
			isa = XCConfigurationList;
			buildConfigurations = (
				C973AD2028D59B5D006D7A45 /* Debug */,
				C973AD2128D59B5D006D7A45 /* Release */,
			);
			defaultConfigurationIsVisible = 0;
			defaultConfigurationName = Release;
		};
		C973AD2228D59B5D006D7A45 /* Build configuration list for PBXNativeTarget "GifJif" */ = {
			isa = XCConfigurationList;
			buildConfigurations = (
				C973AD2328D59B5D006D7A45 /* Debug */,
				C973AD2428D59B5D006D7A45 /* Release */,
			);
			defaultConfigurationIsVisible = 0;
			defaultConfigurationName = Release;
		};
		C973AD2528D59B5D006D7A45 /* Build configuration list for PBXNativeTarget "GifJifTests" */ = {
			isa = XCConfigurationList;
			buildConfigurations = (
				C973AD2628D59B5D006D7A45 /* Debug */,
				C973AD2728D59B5D006D7A45 /* Release */,
			);
			defaultConfigurationIsVisible = 0;
			defaultConfigurationName = Release;
		};
		C973AD2828D59B5D006D7A45 /* Build configuration list for PBXNativeTarget "GifJifUITests" */ = {
			isa = XCConfigurationList;
			buildConfigurations = (
				C973AD2928D59B5D006D7A45 /* Debug */,
				C973AD2A28D59B5D006D7A45 /* Release */,
			);
			defaultConfigurationIsVisible = 0;
			defaultConfigurationName = Release;
		};
/* End XCConfigurationList section */

/* Begin XCRemoteSwiftPackageReference section */
		C9381A6828E1706700058060 /* XCRemoteSwiftPackageReference "firebase-ios-sdk" */ = {
			isa = XCRemoteSwiftPackageReference;
			repositoryURL = "https://github.com/firebase/firebase-ios-sdk.git";
			requirement = {
				kind = upToNextMajorVersion;
				minimumVersion = 9.0.0;
			};
		};
		C9381A6D28E170E000058060 /* XCRemoteSwiftPackageReference "giphy-ios-sdk" */ = {
			isa = XCRemoteSwiftPackageReference;
			repositoryURL = "https://github.com/Giphy/giphy-ios-sdk";
			requirement = {
				branch = main;
				kind = branch;
			};
		};
/* End XCRemoteSwiftPackageReference section */

/* Begin XCSwiftPackageProductDependency section */
		C9381A6928E1706700058060 /* FirebaseAnalytics */ = {
			isa = XCSwiftPackageProductDependency;
			package = C9381A6828E1706700058060 /* XCRemoteSwiftPackageReference "firebase-ios-sdk" */;
			productName = FirebaseAnalytics;
		};
		C9381A6B28E1706700058060 /* FirebaseFirestore */ = {
			isa = XCSwiftPackageProductDependency;
			package = C9381A6828E1706700058060 /* XCRemoteSwiftPackageReference "firebase-ios-sdk" */;
			productName = FirebaseFirestore;
		};
		C9381A6E28E170E000058060 /* GiphyUISDK */ = {
			isa = XCSwiftPackageProductDependency;
			package = C9381A6D28E170E000058060 /* XCRemoteSwiftPackageReference "giphy-ios-sdk" */;
			productName = GiphyUISDK;
		};
		C9381A7928ED63A400058060 /* FirebaseFirestoreSwift */ = {
			isa = XCSwiftPackageProductDependency;
			package = C9381A6828E1706700058060 /* XCRemoteSwiftPackageReference "firebase-ios-sdk" */;
			productName = FirebaseFirestoreSwift;
		};
/* End XCSwiftPackageProductDependency section */
	};
	rootObject = C973ACF628D59B5A006D7A45 /* Project object */;
}
